
Microsoft Visual Studio Solution File, Format Version 12.00
# Visual Studio Version 17
VisualStudioVersion = 17.0.31903.59
MinimumVisualStudioVersion = 10.0.40219.1
Project("{2150E333-8FDC-42A3-9474-1A3956D46DE8}") = "1. packages", "1. packages", "{2F12665E-7C9F-4358-B2A5-D7DF58427707}"
EndProject
Project("{9A19103F-16F7-4668-BE54-9A1E7A4F7556}") = "FileMole", "..\src\FileMole\FileMole.csproj", "{35BBECF8-7599-4450-ABBF-CD08FF037CC9}"
EndProject
Project("{2150E333-8FDC-42A3-9474-1A3956D46DE8}") = "2. samples", "2. samples", "{70B88C46-4445-477E-AD68-8075B9DDE1F1}"
EndProject
Project("{9A19103F-16F7-4668-BE54-9A1E7A4F7556}") = "FileMole.Samples.ConsoleApp", "FileMole.Samples.ConsoleApp\FileMole.Samples.ConsoleApp.csproj", "{B0455A0D-3BFA-4DDE-9C25-25473725E2B3}"
EndProject
Global
	GlobalSection(SolutionConfigurationPlatforms) = preSolution
		Debug|Any CPU = Debug|Any CPU
		Release|Any CPU = Release|Any CPU
	EndGlobalSection
	GlobalSection(ProjectConfigurationPlatforms) = postSolution
		{35BBECF8-7599-4450-ABBF-CD08FF037CC9}.Debug|Any CPU.ActiveCfg = Debug|Any CPU
		{35BBECF8-7599-4450-ABBF-CD08FF037CC9}.Debug|Any CPU.Build.0 = Debug|Any CPU
		{35BBECF8-7599-4450-ABBF-CD08FF037CC9}.Release|Any CPU.ActiveCfg = Release|Any CPU
		{35BBECF8-7599-4450-ABBF-CD08FF037CC9}.Release|Any CPU.Build.0 = Release|Any CPU
		{B0455A0D-3BFA-4DDE-9C25-25473725E2B3}.Debug|Any CPU.ActiveCfg = Debug|Any CPU
		{B0455A0D-3BFA-4DDE-9C25-25473725E2B3}.Debug|Any CPU.Build.0 = Debug|Any CPU
		{B0455A0D-3BFA-4DDE-9C25-25473725E2B3}.Release|Any CPU.ActiveCfg = Release|Any CPU
		{B0455A0D-3BFA-4DDE-9C25-25473725E2B3}.Release|Any CPU.Build.0 = Release|Any CPU
	EndGlobalSection
	GlobalSection(SolutionProperties) = preSolution
		HideSolutionNode = FALSE
	EndGlobalSection
	GlobalSection(NestedProjects) = preSolution
		{35BBECF8-7599-4450-ABBF-CD08FF037CC9} = {2F12665E-7C9F-4358-B2A5-D7DF58427707}
		{B0455A0D-3BFA-4DDE-9C25-25473725E2B3} = {70B88C46-4445-477E-AD68-8075B9DDE1F1}
	EndGlobalSection
EndGlobal
